
Microsoft Visual Studio Solution File, Format Version 12.00
# Visual Studio Version 16
VisualStudioVersion = 16.0.31019.35
MinimumVisualStudioVersion = 10.0.40219.1
Project("{8BC9CEB8-8B4A-11D0-8D11-00A0C91BC942}") = "01_Wprowadzenie", "01_Wprowadzenie\01_Wprowadzenie.vcxproj", "{EAC3B94A-8BF0-4E9E-94FA-4BEDC9C82B06}"
EndProject
Project("{8BC9CEB8-8B4A-11D0-8D11-00A0C91BC942}") = "02_2_DotNetConsApp", "02_2_DotNetConsApp\02_2_DotNetConsApp.vcxproj", "{B67B88F6-993C-4FB1-B800-F4DFA6C736E2}"
EndProject
Project("{8BC9CEB8-8B4A-11D0-8D11-00A0C91BC942}") = "02_3_DotNetWin32App", "02_3_DotNetWin32App\02_3_DotNetWin32App.vcxproj", "{224F03F2-818C-42CE-9292-72978B818B41}"
EndProject
Project("{8BC9CEB8-8B4A-11D0-8D11-00A0C91BC942}") = "02_4_DotNetWinFormsApp", "02_4_DotNetWinFormsApp\02_4_DotNetWinFormsApp.vcxproj", "{4BA006C1-951F-4BD6-8365-1C7866A154A4}"
EndProject
Project("{8BC9CEB8-8B4A-11D0-8D11-00A0C91BC942}") = "02_1_BasicConsApp", "02_1_BasicConsApp\02_01_BasicConsApp.vcxproj", "{F9FD68AD-C61C-4471-A929-786945396370}"
EndProject
Project("{8BC9CEB8-8B4A-11D0-8D11-00A0C91BC942}") = "03_1_WskaznikiReferencjeTablice", "03_1_WskaznikiReferencjeTablice\03_1_WskaznikiReferencjeTablice.vcxproj", "{46A19248-693D-4AFD-915C-FE50FE2E1589}"
EndProject
Project("{8BC9CEB8-8B4A-11D0-8D11-00A0C91BC942}") = "03_2_DotNetConsApp1", "03_2_DotNetConsApp1\03_2_DotNetConsApp1.vcxproj", "{2A5FA4A3-2ECB-47AA-A690-F5BD37C81985}"
EndProject
Project("{8BC9CEB8-8B4A-11D0-8D11-00A0C91BC942}") = "03_3_DotNetConApp2", "03_3_DotNetConApp2\03_3_DotNetConApp2.vcxproj", "{319B606B-87FD-4896-9E7A-21B82E60EAAE}"
EndProject
Project("{8BC9CEB8-8B4A-11D0-8D11-00A0C91BC942}") = "03_4_DotNetWinFormsApp", "03_4_DotNetWinFormsApp\03_4_DotNetWinFormsApp.vcxproj", "{3060D181-732D-465F-9DB1-1B23B58C363F}"
EndProject
Project("{8BC9CEB8-8B4A-11D0-8D11-00A0C91BC942}") = "04_1_Pliki_i_Stringi", "04_1_Pliki_i_Stringi\04_1_Pliki.vcxproj", "{F5F94012-755E-4FBB-8333-2A1BD0D5157F}"
EndProject
Project("{8BC9CEB8-8B4A-11D0-8D11-00A0C91BC942}") = "05_1_Biblioteki_przeglad", "05_1_Biblioteki_przeglad\05_1_Biblioteki_przeglad.vcxproj", "{EB3A9BFB-B765-4572-8DE3-46D0E85C234E}"
EndProject
Project("{8BC9CEB8-8B4A-11D0-8D11-00A0C91BC942}") = "06_1_Klasy", "06_1_Klasy\06_1_Klasy.vcxproj", "{E208011F-2D27-466B-83B8-A25754C19260}"
EndProject
Project("{8BC9CEB8-8B4A-11D0-8D11-00A0C91BC942}") = "07_Dziedziczenie_Konstruktory", "07_Dziedziczenie_Konstruktory\07_Dziedziczenie_Konstruktory.vcxproj", "{9E9FCAA7-3C70-47EB-AAC9-B146279F6C84}"
EndProject
Project("{8BC9CEB8-8B4A-11D0-8D11-00A0C91BC942}") = "06_2_Matrix", "06_2_Matrix\06_2_Matrix.vcxproj", "{12C79F39-C1E7-4AC0-9311-D50C3252BBF8}"
EndProject
Project("{8BC9CEB8-8B4A-11D0-8D11-00A0C91BC942}") = "08_1_Exceptions", "08_1_Exceptions\08_1_Exceptions.vcxproj", "{E57A9577-0B7C-4361-B631-EE9C45FCAD1C}"
EndProject
Project("{8BC9CEB8-8B4A-11D0-8D11-00A0C91BC942}") = "09_Grafika_Bitwise_Animacje", "09_Grafika_Bitwise_Animacje\09_Grafika_Bitwise_Animacje.vcxproj", "{EB733C89-480B-41F1-84F9-D4B7583F543F}"
EndProject
Global
	GlobalSection(SolutionConfigurationPlatforms) = preSolution
		Debug|x64 = Debug|x64
		Debug|x86 = Debug|x86
		Release|x64 = Release|x64
		Release|x86 = Release|x86
	EndGlobalSection
	GlobalSection(ProjectConfigurationPlatforms) = postSolution
		{EAC3B94A-8BF0-4E9E-94FA-4BEDC9C82B06}.Debug|x64.ActiveCfg = Debug|x64
		{EAC3B94A-8BF0-4E9E-94FA-4BEDC9C82B06}.Debug|x64.Build.0 = Debug|x64
		{EAC3B94A-8BF0-4E9E-94FA-4BEDC9C82B06}.Debug|x86.ActiveCfg = Debug|Win32
		{EAC3B94A-8BF0-4E9E-94FA-4BEDC9C82B06}.Debug|x86.Build.0 = Debug|Win32
		{EAC3B94A-8BF0-4E9E-94FA-4BEDC9C82B06}.Release|x64.ActiveCfg = Release|x64
		{EAC3B94A-8BF0-4E9E-94FA-4BEDC9C82B06}.Release|x64.Build.0 = Release|x64
		{EAC3B94A-8BF0-4E9E-94FA-4BEDC9C82B06}.Release|x86.ActiveCfg = Release|Win32
		{EAC3B94A-8BF0-4E9E-94FA-4BEDC9C82B06}.Release|x86.Build.0 = Release|Win32
		{B67B88F6-993C-4FB1-B800-F4DFA6C736E2}.Debug|x64.ActiveCfg = Debug|x64
		{B67B88F6-993C-4FB1-B800-F4DFA6C736E2}.Debug|x64.Build.0 = Debug|x64
		{B67B88F6-993C-4FB1-B800-F4DFA6C736E2}.Debug|x86.ActiveCfg = Debug|Win32
		{B67B88F6-993C-4FB1-B800-F4DFA6C736E2}.Debug|x86.Build.0 = Debug|Win32
		{B67B88F6-993C-4FB1-B800-F4DFA6C736E2}.Release|x64.ActiveCfg = Release|x64
		{B67B88F6-993C-4FB1-B800-F4DFA6C736E2}.Release|x64.Build.0 = Release|x64
		{B67B88F6-993C-4FB1-B800-F4DFA6C736E2}.Release|x86.ActiveCfg = Release|Win32
		{B67B88F6-993C-4FB1-B800-F4DFA6C736E2}.Release|x86.Build.0 = Release|Win32
		{224F03F2-818C-42CE-9292-72978B818B41}.Debug|x64.ActiveCfg = Debug|x64
		{224F03F2-818C-42CE-9292-72978B818B41}.Debug|x64.Build.0 = Debug|x64
		{224F03F2-818C-42CE-9292-72978B818B41}.Debug|x86.ActiveCfg = Debug|Win32
		{224F03F2-818C-42CE-9292-72978B818B41}.Debug|x86.Build.0 = Debug|Win32
		{224F03F2-818C-42CE-9292-72978B818B41}.Release|x64.ActiveCfg = Release|x64
		{224F03F2-818C-42CE-9292-72978B818B41}.Release|x64.Build.0 = Release|x64
		{224F03F2-818C-42CE-9292-72978B818B41}.Release|x86.ActiveCfg = Release|Win32
		{224F03F2-818C-42CE-9292-72978B818B41}.Release|x86.Build.0 = Release|Win32
		{4BA006C1-951F-4BD6-8365-1C7866A154A4}.Debug|x64.ActiveCfg = Debug|x64
		{4BA006C1-951F-4BD6-8365-1C7866A154A4}.Debug|x64.Build.0 = Debug|x64
		{4BA006C1-951F-4BD6-8365-1C7866A154A4}.Debug|x86.ActiveCfg = Debug|Win32
		{4BA006C1-951F-4BD6-8365-1C7866A154A4}.Debug|x86.Build.0 = Debug|Win32
		{4BA006C1-951F-4BD6-8365-1C7866A154A4}.Release|x64.ActiveCfg = Release|x64
		{4BA006C1-951F-4BD6-8365-1C7866A154A4}.Release|x64.Build.0 = Release|x64
		{4BA006C1-951F-4BD6-8365-1C7866A154A4}.Release|x86.ActiveCfg = Release|Win32
		{4BA006C1-951F-4BD6-8365-1C7866A154A4}.Release|x86.Build.0 = Release|Win32
		{F9FD68AD-C61C-4471-A929-786945396370}.Debug|x64.ActiveCfg = Debug|x64
		{F9FD68AD-C61C-4471-A929-786945396370}.Debug|x64.Build.0 = Debug|x64
		{F9FD68AD-C61C-4471-A929-786945396370}.Debug|x86.ActiveCfg = Debug|Win32
		{F9FD68AD-C61C-4471-A929-786945396370}.Debug|x86.Build.0 = Debug|Win32
		{F9FD68AD-C61C-4471-A929-786945396370}.Release|x64.ActiveCfg = Release|x64
		{F9FD68AD-C61C-4471-A929-786945396370}.Release|x64.Build.0 = Release|x64
		{F9FD68AD-C61C-4471-A929-786945396370}.Release|x86.ActiveCfg = Release|Win32
		{F9FD68AD-C61C-4471-A929-786945396370}.Release|x86.Build.0 = Release|Win32
		{46A19248-693D-4AFD-915C-FE50FE2E1589}.Debug|x64.ActiveCfg = Debug|x64
		{46A19248-693D-4AFD-915C-FE50FE2E1589}.Debug|x64.Build.0 = Debug|x64
		{46A19248-693D-4AFD-915C-FE50FE2E1589}.Debug|x86.ActiveCfg = Debug|Win32
		{46A19248-693D-4AFD-915C-FE50FE2E1589}.Debug|x86.Build.0 = Debug|Win32
		{46A19248-693D-4AFD-915C-FE50FE2E1589}.Release|x64.ActiveCfg = Release|x64
		{46A19248-693D-4AFD-915C-FE50FE2E1589}.Release|x64.Build.0 = Release|x64
		{46A19248-693D-4AFD-915C-FE50FE2E1589}.Release|x86.ActiveCfg = Release|Win32
		{46A19248-693D-4AFD-915C-FE50FE2E1589}.Release|x86.Build.0 = Release|Win32
		{2A5FA4A3-2ECB-47AA-A690-F5BD37C81985}.Debug|x64.ActiveCfg = Debug|x64
		{2A5FA4A3-2ECB-47AA-A690-F5BD37C81985}.Debug|x64.Build.0 = Debug|x64
		{2A5FA4A3-2ECB-47AA-A690-F5BD37C81985}.Debug|x86.ActiveCfg = Debug|Win32
		{2A5FA4A3-2ECB-47AA-A690-F5BD37C81985}.Debug|x86.Build.0 = Debug|Win32
		{2A5FA4A3-2ECB-47AA-A690-F5BD37C81985}.Release|x64.ActiveCfg = Release|x64
		{2A5FA4A3-2ECB-47AA-A690-F5BD37C81985}.Release|x64.Build.0 = Release|x64
		{2A5FA4A3-2ECB-47AA-A690-F5BD37C81985}.Release|x86.ActiveCfg = Release|Win32
		{2A5FA4A3-2ECB-47AA-A690-F5BD37C81985}.Release|x86.Build.0 = Release|Win32
		{319B606B-87FD-4896-9E7A-21B82E60EAAE}.Debug|x64.ActiveCfg = Debug|x64
		{319B606B-87FD-4896-9E7A-21B82E60EAAE}.Debug|x64.Build.0 = Debug|x64
		{319B606B-87FD-4896-9E7A-21B82E60EAAE}.Debug|x86.ActiveCfg = Debug|Win32
		{319B606B-87FD-4896-9E7A-21B82E60EAAE}.Debug|x86.Build.0 = Debug|Win32
		{319B606B-87FD-4896-9E7A-21B82E60EAAE}.Release|x64.ActiveCfg = Release|x64
		{319B606B-87FD-4896-9E7A-21B82E60EAAE}.Release|x64.Build.0 = Release|x64
		{319B606B-87FD-4896-9E7A-21B82E60EAAE}.Release|x86.ActiveCfg = Release|Win32
		{319B606B-87FD-4896-9E7A-21B82E60EAAE}.Release|x86.Build.0 = Release|Win32
		{3060D181-732D-465F-9DB1-1B23B58C363F}.Debug|x64.ActiveCfg = Debug|x64
		{3060D181-732D-465F-9DB1-1B23B58C363F}.Debug|x64.Build.0 = Debug|x64
		{3060D181-732D-465F-9DB1-1B23B58C363F}.Debug|x86.ActiveCfg = Debug|Win32
		{3060D181-732D-465F-9DB1-1B23B58C363F}.Debug|x86.Build.0 = Debug|Win32
		{3060D181-732D-465F-9DB1-1B23B58C363F}.Release|x64.ActiveCfg = Release|x64
		{3060D181-732D-465F-9DB1-1B23B58C363F}.Release|x64.Build.0 = Release|x64
		{3060D181-732D-465F-9DB1-1B23B58C363F}.Release|x86.ActiveCfg = Release|Win32
		{3060D181-732D-465F-9DB1-1B23B58C363F}.Release|x86.Build.0 = Release|Win32
		{F5F94012-755E-4FBB-8333-2A1BD0D5157F}.Debug|x64.ActiveCfg = Debug|x64
		{F5F94012-755E-4FBB-8333-2A1BD0D5157F}.Debug|x64.Build.0 = Debug|x64
		{F5F94012-755E-4FBB-8333-2A1BD0D5157F}.Debug|x86.ActiveCfg = Debug|Win32
		{F5F94012-755E-4FBB-8333-2A1BD0D5157F}.Debug|x86.Build.0 = Debug|Win32
		{F5F94012-755E-4FBB-8333-2A1BD0D5157F}.Release|x64.ActiveCfg = Release|x64
		{F5F94012-755E-4FBB-8333-2A1BD0D5157F}.Release|x64.Build.0 = Release|x64
		{F5F94012-755E-4FBB-8333-2A1BD0D5157F}.Release|x86.ActiveCfg = Release|Win32
		{F5F94012-755E-4FBB-8333-2A1BD0D5157F}.Release|x86.Build.0 = Release|Win32
		{EB3A9BFB-B765-4572-8DE3-46D0E85C234E}.Debug|x64.ActiveCfg = Debug|x64
		{EB3A9BFB-B765-4572-8DE3-46D0E85C234E}.Debug|x64.Build.0 = Debug|x64
		{EB3A9BFB-B765-4572-8DE3-46D0E85C234E}.Debug|x86.ActiveCfg = Debug|Win32
		{EB3A9BFB-B765-4572-8DE3-46D0E85C234E}.Debug|x86.Build.0 = Debug|Win32
		{EB3A9BFB-B765-4572-8DE3-46D0E85C234E}.Release|x64.ActiveCfg = Release|x64
		{EB3A9BFB-B765-4572-8DE3-46D0E85C234E}.Release|x64.Build.0 = Release|x64
		{EB3A9BFB-B765-4572-8DE3-46D0E85C234E}.Release|x86.ActiveCfg = Release|Win32
		{EB3A9BFB-B765-4572-8DE3-46D0E85C234E}.Release|x86.Build.0 = Release|Win32
		{E208011F-2D27-466B-83B8-A25754C19260}.Debug|x64.ActiveCfg = Debug|x64
		{E208011F-2D27-466B-83B8-A25754C19260}.Debug|x64.Build.0 = Debug|x64
		{E208011F-2D27-466B-83B8-A25754C19260}.Debug|x86.ActiveCfg = Debug|Win32
		{E208011F-2D27-466B-83B8-A25754C19260}.Debug|x86.Build.0 = Debug|Win32
		{E208011F-2D27-466B-83B8-A25754C19260}.Release|x64.ActiveCfg = Release|x64
		{E208011F-2D27-466B-83B8-A25754C19260}.Release|x64.Build.0 = Release|x64
		{E208011F-2D27-466B-83B8-A25754C19260}.Release|x86.ActiveCfg = Release|Win32
		{E208011F-2D27-466B-83B8-A25754C19260}.Release|x86.Build.0 = Release|Win32
		{9E9FCAA7-3C70-47EB-AAC9-B146279F6C84}.Debug|x64.ActiveCfg = Debug|x64
		{9E9FCAA7-3C70-47EB-AAC9-B146279F6C84}.Debug|x64.Build.0 = Debug|x64
		{9E9FCAA7-3C70-47EB-AAC9-B146279F6C84}.Debug|x86.ActiveCfg = Debug|Win32
		{9E9FCAA7-3C70-47EB-AAC9-B146279F6C84}.Debug|x86.Build.0 = Debug|Win32
		{9E9FCAA7-3C70-47EB-AAC9-B146279F6C84}.Release|x64.ActiveCfg = Release|x64
		{9E9FCAA7-3C70-47EB-AAC9-B146279F6C84}.Release|x64.Build.0 = Release|x64
		{9E9FCAA7-3C70-47EB-AAC9-B146279F6C84}.Release|x86.ActiveCfg = Release|Win32
		{9E9FCAA7-3C70-47EB-AAC9-B146279F6C84}.Release|x86.Build.0 = Release|Win32
		{12C79F39-C1E7-4AC0-9311-D50C3252BBF8}.Debug|x64.ActiveCfg = Debug|x64
		{12C79F39-C1E7-4AC0-9311-D50C3252BBF8}.Debug|x64.Build.0 = Debug|x64
		{12C79F39-C1E7-4AC0-9311-D50C3252BBF8}.Debug|x86.ActiveCfg = Debug|Win32
		{12C79F39-C1E7-4AC0-9311-D50C3252BBF8}.Debug|x86.Build.0 = Debug|Win32
		{12C79F39-C1E7-4AC0-9311-D50C3252BBF8}.Release|x64.ActiveCfg = Release|x64
		{12C79F39-C1E7-4AC0-9311-D50C3252BBF8}.Release|x64.Build.0 = Release|x64
		{12C79F39-C1E7-4AC0-9311-D50C3252BBF8}.Release|x86.ActiveCfg = Release|Win32
		{12C79F39-C1E7-4AC0-9311-D50C3252BBF8}.Release|x86.Build.0 = Release|Win32
		{E57A9577-0B7C-4361-B631-EE9C45FCAD1C}.Debug|x64.ActiveCfg = Debug|x64
		{E57A9577-0B7C-4361-B631-EE9C45FCAD1C}.Debug|x64.Build.0 = Debug|x64
		{E57A9577-0B7C-4361-B631-EE9C45FCAD1C}.Debug|x86.ActiveCfg = Debug|Win32
		{E57A9577-0B7C-4361-B631-EE9C45FCAD1C}.Debug|x86.Build.0 = Debug|Win32
		{E57A9577-0B7C-4361-B631-EE9C45FCAD1C}.Release|x64.ActiveCfg = Release|x64
		{E57A9577-0B7C-4361-B631-EE9C45FCAD1C}.Release|x64.Build.0 = Release|x64
		{E57A9577-0B7C-4361-B631-EE9C45FCAD1C}.Release|x86.ActiveCfg = Release|Win32
		{E57A9577-0B7C-4361-B631-EE9C45FCAD1C}.Release|x86.Build.0 = Release|Win32
		{EB733C89-480B-41F1-84F9-D4B7583F543F}.Debug|x64.ActiveCfg = Debug|x64
		{EB733C89-480B-41F1-84F9-D4B7583F543F}.Debug|x64.Build.0 = Debug|x64
		{EB733C89-480B-41F1-84F9-D4B7583F543F}.Debug|x86.ActiveCfg = Debug|Win32
		{EB733C89-480B-41F1-84F9-D4B7583F543F}.Debug|x86.Build.0 = Debug|Win32
		{EB733C89-480B-41F1-84F9-D4B7583F543F}.Release|x64.ActiveCfg = Release|x64
		{EB733C89-480B-41F1-84F9-D4B7583F543F}.Release|x64.Build.0 = Release|x64
		{EB733C89-480B-41F1-84F9-D4B7583F543F}.Release|x86.ActiveCfg = Release|Win32
		{EB733C89-480B-41F1-84F9-D4B7583F543F}.Release|x86.Build.0 = Release|Win32
	EndGlobalSection
	GlobalSection(SolutionProperties) = preSolution
		HideSolutionNode = FALSE
	EndGlobalSection
	GlobalSection(ExtensibilityGlobals) = postSolution
		SolutionGuid = {3E0469BD-4D20-495D-BF05-ABF466307578}
	EndGlobalSection
EndGlobal
